// !$*UTF8*$!
{
	archiveVersion = 1;
	classes = {
	};
	objectVersion = 51;
	objects = {

/* Begin PBXBuildFile section */
		524765BE23D4E74200584D08 /* AppDelegate.swift in Sources */ = {isa = PBXBuildFile; fileRef = 524765BD23D4E74200584D08 /* AppDelegate.swift */; };
		524765C023D4E74200584D08 /* SceneDelegate.swift in Sources */ = {isa = PBXBuildFile; fileRef = 524765BF23D4E74200584D08 /* SceneDelegate.swift */; };
		524765C223D4E74200584D08 /* ViewController.swift in Sources */ = {isa = PBXBuildFile; fileRef = 524765C123D4E74200584D08 /* ViewController.swift */; };
		524765C523D4E74200584D08 /* Main.storyboard in Resources */ = {isa = PBXBuildFile; fileRef = 524765C323D4E74200584D08 /* Main.storyboard */; };
		524765C723D4E74500584D08 /* Assets.xcassets in Resources */ = {isa = PBXBuildFile; fileRef = 524765C623D4E74500584D08 /* Assets.xcassets */; };
		524765CA23D4E74500584D08 /* LaunchScreen.storyboard in Resources */ = {isa = PBXBuildFile; fileRef = 524765C823D4E74500584D08 /* LaunchScreen.storyboard */; };
		524765D223D4E82000584D08 /* MainTabBarController.swift in Sources */ = {isa = PBXBuildFile; fileRef = 524765D123D4E82000584D08 /* MainTabBarController.swift */; };
		524765D423D4E9CA00584D08 /* SearchMusicViewController.swift in Sources */ = {isa = PBXBuildFile; fileRef = 524765D323D4E9CA00584D08 /* SearchMusicViewController.swift */; };
		52DD547423D7A12400998A3D /* SearchPresenter.swift in Sources */ = {isa = PBXBuildFile; fileRef = 52DD546D23D7A12400998A3D /* SearchPresenter.swift */; };
		52DD547523D7A12400998A3D /* SearchWorker.swift in Sources */ = {isa = PBXBuildFile; fileRef = 52DD546E23D7A12400998A3D /* SearchWorker.swift */; };
		52DD547623D7A12400998A3D /* SearchRouter.swift in Sources */ = {isa = PBXBuildFile; fileRef = 52DD546F23D7A12400998A3D /* SearchRouter.swift */; };
		52DD547723D7A12400998A3D /* SearchModels.swift in Sources */ = {isa = PBXBuildFile; fileRef = 52DD547023D7A12400998A3D /* SearchModels.swift */; };
		52DD547823D7A12400998A3D /* SearchViewController.swift in Sources */ = {isa = PBXBuildFile; fileRef = 52DD547123D7A12400998A3D /* SearchViewController.swift */; };
		52DD547923D7A12400998A3D /* SearchInteractor.swift in Sources */ = {isa = PBXBuildFile; fileRef = 52DD547223D7A12400998A3D /* SearchInteractor.swift */; };
		52DD547A23D7A12400998A3D /* SearchViewController.xib in Resources */ = {isa = PBXBuildFile; fileRef = 52DD547323D7A12400998A3D /* SearchViewController.xib */; };
		52FC058C23D766E300CB983F /* SearchResponse.swift in Sources */ = {isa = PBXBuildFile; fileRef = 52FC058B23D766E300CB983F /* SearchResponse.swift */; };
		52FC058E23D7997D00CB983F /* NetworkService.swift in Sources */ = {isa = PBXBuildFile; fileRef = 52FC058D23D7997D00CB983F /* NetworkService.swift */; };
		8845D82DB8BF7C94B71D0469 /* Pods_AppleMusicApp.framework in Frameworks */ = {isa = PBXBuildFile; fileRef = D04CF0062646DFADC7F1DFFF /* Pods_AppleMusicApp.framework */; };
/* End PBXBuildFile section */

/* Begin PBXFileReference section */
		1726D2744BDAE1C5344B51D8 /* Pods-AppleMusicApp.release.xcconfig */ = {isa = PBXFileReference; includeInIndex = 1; lastKnownFileType = text.xcconfig; name = "Pods-AppleMusicApp.release.xcconfig"; path = "Target Support Files/Pods-AppleMusicApp/Pods-AppleMusicApp.release.xcconfig"; sourceTree = "<group>"; };
		524765BA23D4E74200584D08 /* AppleMusicApp.app */ = {isa = PBXFileReference; explicitFileType = wrapper.application; includeInIndex = 0; path = AppleMusicApp.app; sourceTree = BUILT_PRODUCTS_DIR; };
		524765BD23D4E74200584D08 /* AppDelegate.swift */ = {isa = PBXFileReference; lastKnownFileType = sourcecode.swift; path = AppDelegate.swift; sourceTree = "<group>"; };
		524765BF23D4E74200584D08 /* SceneDelegate.swift */ = {isa = PBXFileReference; lastKnownFileType = sourcecode.swift; path = SceneDelegate.swift; sourceTree = "<group>"; };
		524765C123D4E74200584D08 /* ViewController.swift */ = {isa = PBXFileReference; lastKnownFileType = sourcecode.swift; path = ViewController.swift; sourceTree = "<group>"; };
		524765C423D4E74200584D08 /* Base */ = {isa = PBXFileReference; lastKnownFileType = file.storyboard; name = Base; path = Base.lproj/Main.storyboard; sourceTree = "<group>"; };
		524765C623D4E74500584D08 /* Assets.xcassets */ = {isa = PBXFileReference; lastKnownFileType = folder.assetcatalog; path = Assets.xcassets; sourceTree = "<group>"; };
		524765C923D4E74500584D08 /* Base */ = {isa = PBXFileReference; lastKnownFileType = file.storyboard; name = Base; path = Base.lproj/LaunchScreen.storyboard; sourceTree = "<group>"; };
		524765CB23D4E74500584D08 /* Info.plist */ = {isa = PBXFileReference; lastKnownFileType = text.plist.xml; path = Info.plist; sourceTree = "<group>"; };
		524765D123D4E82000584D08 /* MainTabBarController.swift */ = {isa = PBXFileReference; lastKnownFileType = sourcecode.swift; path = MainTabBarController.swift; sourceTree = "<group>"; };
		524765D323D4E9CA00584D08 /* SearchMusicViewController.swift */ = {isa = PBXFileReference; lastKnownFileType = sourcecode.swift; path = SearchMusicViewController.swift; sourceTree = "<group>"; };
		52DD546D23D7A12400998A3D /* SearchPresenter.swift */ = {isa = PBXFileReference; lastKnownFileType = sourcecode.swift; path = SearchPresenter.swift; sourceTree = "<group>"; };
		52DD546E23D7A12400998A3D /* SearchWorker.swift */ = {isa = PBXFileReference; lastKnownFileType = sourcecode.swift; path = SearchWorker.swift; sourceTree = "<group>"; };
		52DD546F23D7A12400998A3D /* SearchRouter.swift */ = {isa = PBXFileReference; lastKnownFileType = sourcecode.swift; path = SearchRouter.swift; sourceTree = "<group>"; };
		52DD547023D7A12400998A3D /* SearchModels.swift */ = {isa = PBXFileReference; lastKnownFileType = sourcecode.swift; path = SearchModels.swift; sourceTree = "<group>"; };
		52DD547123D7A12400998A3D /* SearchViewController.swift */ = {isa = PBXFileReference; lastKnownFileType = sourcecode.swift; path = SearchViewController.swift; sourceTree = "<group>"; };
		52DD547223D7A12400998A3D /* SearchInteractor.swift */ = {isa = PBXFileReference; lastKnownFileType = sourcecode.swift; path = SearchInteractor.swift; sourceTree = "<group>"; };
		52DD547323D7A12400998A3D /* SearchViewController.xib */ = {isa = PBXFileReference; lastKnownFileType = file.xib; path = SearchViewController.xib; sourceTree = "<group>"; };
		52FC058B23D766E300CB983F /* SearchResponse.swift */ = {isa = PBXFileReference; lastKnownFileType = sourcecode.swift; path = SearchResponse.swift; sourceTree = "<group>"; };
		52FC058D23D7997D00CB983F /* NetworkService.swift */ = {isa = PBXFileReference; lastKnownFileType = sourcecode.swift; path = NetworkService.swift; sourceTree = "<group>"; };
		D04CF0062646DFADC7F1DFFF /* Pods_AppleMusicApp.framework */ = {isa = PBXFileReference; explicitFileType = wrapper.framework; includeInIndex = 0; path = Pods_AppleMusicApp.framework; sourceTree = BUILT_PRODUCTS_DIR; };
		D652F1642D6DC365B04F8609 /* Pods-AppleMusicApp.debug.xcconfig */ = {isa = PBXFileReference; includeInIndex = 1; lastKnownFileType = text.xcconfig; name = "Pods-AppleMusicApp.debug.xcconfig"; path = "Target Support Files/Pods-AppleMusicApp/Pods-AppleMusicApp.debug.xcconfig"; sourceTree = "<group>"; };
/* End PBXFileReference section */

/* Begin PBXFrameworksBuildPhase section */
		524765B723D4E74200584D08 /* Frameworks */ = {
			isa = PBXFrameworksBuildPhase;
			buildActionMask = 2147483647;
			files = (
				8845D82DB8BF7C94B71D0469 /* Pods_AppleMusicApp.framework in Frameworks */,
			);
			runOnlyForDeploymentPostprocessing = 0;
		};
/* End PBXFrameworksBuildPhase section */

/* Begin PBXGroup section */
		1B5224B683117D71D571A742 /* Frameworks */ = {
			isa = PBXGroup;
			children = (
				D04CF0062646DFADC7F1DFFF /* Pods_AppleMusicApp.framework */,
			);
			name = Frameworks;
			sourceTree = "<group>";
		};
		4DA80128AFE93FE7BF70E691 /* Pods */ = {
			isa = PBXGroup;
			children = (
				D652F1642D6DC365B04F8609 /* Pods-AppleMusicApp.debug.xcconfig */,
				1726D2744BDAE1C5344B51D8 /* Pods-AppleMusicApp.release.xcconfig */,
			);
			path = Pods;
			sourceTree = "<group>";
		};
		524765B123D4E74200584D08 = {
			isa = PBXGroup;
			children = (
				524765BC23D4E74200584D08 /* AppleMusicApp */,
				524765BB23D4E74200584D08 /* Products */,
				4DA80128AFE93FE7BF70E691 /* Pods */,
				1B5224B683117D71D571A742 /* Frameworks */,
			);
			sourceTree = "<group>";
		};
		524765BB23D4E74200584D08 /* Products */ = {
			isa = PBXGroup;
			children = (
				524765BA23D4E74200584D08 /* AppleMusicApp.app */,
			);
			name = Products;
			sourceTree = "<group>";
		};
		524765BC23D4E74200584D08 /* AppleMusicApp */ = {
			isa = PBXGroup;
			children = (
				524765BD23D4E74200584D08 /* AppDelegate.swift */,
				524765BF23D4E74200584D08 /* SceneDelegate.swift */,
				52DD547B23D7A1C900998A3D /* Services */,
				524765D123D4E82000584D08 /* MainTabBarController.swift */,
				52DD546C23D7A0AF00998A3D /* Search */,
				524765D323D4E9CA00584D08 /* SearchMusicViewController.swift */,
				524765C123D4E74200584D08 /* ViewController.swift */,
				52FC058B23D766E300CB983F /* SearchResponse.swift */,
				524765C323D4E74200584D08 /* Main.storyboard */,
				524765C623D4E74500584D08 /* Assets.xcassets */,
				524765C823D4E74500584D08 /* LaunchScreen.storyboard */,
				524765CB23D4E74500584D08 /* Info.plist */,
			);
			path = AppleMusicApp;
			sourceTree = "<group>";
		};
		52DD546C23D7A0AF00998A3D /* Search */ = {
			isa = PBXGroup;
			children = (
				52DD547323D7A12400998A3D /* SearchViewController.xib */,
				52DD547123D7A12400998A3D /* SearchViewController.swift */,
				52DD547223D7A12400998A3D /* SearchInteractor.swift */,
				52DD546D23D7A12400998A3D /* SearchPresenter.swift */,
				52DD547023D7A12400998A3D /* SearchModels.swift */,
				52DD546E23D7A12400998A3D /* SearchWorker.swift */,
				52DD546F23D7A12400998A3D /* SearchRouter.swift */,
			);
			path = Search;
			sourceTree = "<group>";
		};
		52DD547B23D7A1C900998A3D /* Services */ = {
			isa = PBXGroup;
			children = (
				52FC058D23D7997D00CB983F /* NetworkService.swift */,
			);
			path = Services;
			sourceTree = "<group>";
		};
/* End PBXGroup section */

/* Begin PBXNativeTarget section */
		524765B923D4E74200584D08 /* AppleMusicApp */ = {
			isa = PBXNativeTarget;
			buildConfigurationList = 524765CE23D4E74500584D08 /* Build configuration list for PBXNativeTarget "AppleMusicApp" */;
			buildPhases = (
				4827B3F40309D23F1E94B087 /* [CP] Check Pods Manifest.lock */,
				524765B623D4E74200584D08 /* Sources */,
				524765B723D4E74200584D08 /* Frameworks */,
				524765B823D4E74200584D08 /* Resources */,
				FE534B123ECCB005D0C20B35 /* [CP] Embed Pods Frameworks */,
			);
			buildRules = (
			);
			dependencies = (
			);
			name = AppleMusicApp;
			productName = AppleMusicApp;
			productReference = 524765BA23D4E74200584D08 /* AppleMusicApp.app */;
			productType = "com.apple.product-type.application";
		};
/* End PBXNativeTarget section */

/* Begin PBXProject section */
		524765B223D4E74200584D08 /* Project object */ = {
			isa = PBXProject;
			attributes = {
				LastSwiftUpdateCheck = 1130;
				LastUpgradeCheck = 1130;
				ORGANIZATIONNAME = "John Kostanov";
				TargetAttributes = {
					524765B923D4E74200584D08 = {
						CreatedOnToolsVersion = 11.3.1;
					};
				};
			};
			buildConfigurationList = 524765B523D4E74200584D08 /* Build configuration list for PBXProject "AppleMusicApp" */;
			compatibilityVersion = "Xcode 9.3";
			developmentRegion = en;
			hasScannedForEncodings = 0;
			knownRegions = (
				en,
				Base,
			);
			mainGroup = 524765B123D4E74200584D08;
			productRefGroup = 524765BB23D4E74200584D08 /* Products */;
			projectDirPath = "";
			projectRoot = "";
			targets = (
				524765B923D4E74200584D08 /* AppleMusicApp */,
			);
		};
/* End PBXProject section */

/* Begin PBXResourcesBuildPhase section */
		524765B823D4E74200584D08 /* Resources */ = {
			isa = PBXResourcesBuildPhase;
			buildActionMask = 2147483647;
			files = (
				52DD547A23D7A12400998A3D /* SearchViewController.xib in Resources */,
				524765CA23D4E74500584D08 /* LaunchScreen.storyboard in Resources */,
				524765C723D4E74500584D08 /* Assets.xcassets in Resources */,
				524765C523D4E74200584D08 /* Main.storyboard in Resources */,
			);
			runOnlyForDeploymentPostprocessing = 0;
		};
/* End PBXResourcesBuildPhase section */

/* Begin PBXShellScriptBuildPhase section */
		4827B3F40309D23F1E94B087 /* [CP] Check Pods Manifest.lock */ = {
			isa = PBXShellScriptBuildPhase;
			buildActionMask = 2147483647;
			files = (
			);
			inputFileListPaths = (
			);
			inputPaths = (
				"${PODS_PODFILE_DIR_PATH}/Podfile.lock",
				"${PODS_ROOT}/Manifest.lock",
			);
			name = "[CP] Check Pods Manifest.lock";
			outputFileListPaths = (
			);
			outputPaths = (
				"$(DERIVED_FILE_DIR)/Pods-AppleMusicApp-checkManifestLockResult.txt",
			);
			runOnlyForDeploymentPostprocessing = 0;
			shellPath = /bin/sh;
			shellScript = "diff \"${PODS_PODFILE_DIR_PATH}/Podfile.lock\" \"${PODS_ROOT}/Manifest.lock\" > /dev/null\nif [ $? != 0 ] ; then\n    # print error to STDERR\n    echo \"error: The sandbox is not in sync with the Podfile.lock. Run 'pod install' or update your CocoaPods installation.\" >&2\n    exit 1\nfi\n# This output is used by Xcode 'outputs' to avoid re-running this script phase.\necho \"SUCCESS\" > \"${SCRIPT_OUTPUT_FILE_0}\"\n";
			showEnvVarsInLog = 0;
		};
		FE534B123ECCB005D0C20B35 /* [CP] Embed Pods Frameworks */ = {
			isa = PBXShellScriptBuildPhase;
			buildActionMask = 2147483647;
			files = (
			);
			inputFileListPaths = (
				"${PODS_ROOT}/Target Support Files/Pods-AppleMusicApp/Pods-AppleMusicApp-frameworks-${CONFIGURATION}-input-files.xcfilelist",
			);
			name = "[CP] Embed Pods Frameworks";
			outputFileListPaths = (
				"${PODS_ROOT}/Target Support Files/Pods-AppleMusicApp/Pods-AppleMusicApp-frameworks-${CONFIGURATION}-output-files.xcfilelist",
			);
			runOnlyForDeploymentPostprocessing = 0;
			shellPath = /bin/sh;
			shellScript = "\"${PODS_ROOT}/Target Support Files/Pods-AppleMusicApp/Pods-AppleMusicApp-frameworks.sh\"\n";
			showEnvVarsInLog = 0;
		};
/* End PBXShellScriptBuildPhase section */

/* Begin PBXSourcesBuildPhase section */
		524765B623D4E74200584D08 /* Sources */ = {
			isa = PBXSourcesBuildPhase;
			buildActionMask = 2147483647;
			files = (
				52DD547823D7A12400998A3D /* SearchViewController.swift in Sources */,
				52DD547523D7A12400998A3D /* SearchWorker.swift in Sources */,
				52DD547423D7A12400998A3D /* SearchPresenter.swift in Sources */,
				524765D423D4E9CA00584D08 /* SearchMusicViewController.swift in Sources */,
				524765C223D4E74200584D08 /* ViewController.swift in Sources */,
				52DD547623D7A12400998A3D /* SearchRouter.swift in Sources */,
				52DD547923D7A12400998A3D /* SearchInteractor.swift in Sources */,
				52FC058C23D766E300CB983F /* SearchResponse.swift in Sources */,
				52DD547723D7A12400998A3D /* SearchModels.swift in Sources */,
				524765BE23D4E74200584D08 /* AppDelegate.swift in Sources */,
				524765D223D4E82000584D08 /* MainTabBarController.swift in Sources */,
				524765C023D4E74200584D08 /* SceneDelegate.swift in Sources */,
				52FC058E23D7997D00CB983F /* NetworkService.swift in Sources */,
			);
			runOnlyForDeploymentPostprocessing = 0;
		};
/* End PBXSourcesBuildPhase section */

/* Begin PBXVariantGroup section */
		524765C323D4E74200584D08 /* Main.storyboard */ = {
			isa = PBXVariantGroup;
			children = (
				524765C423D4E74200584D08 /* Base */,
			);
			name = Main.storyboard;
			sourceTree = "<group>";
		};
		524765C823D4E74500584D08 /* LaunchScreen.storyboard */ = {
			isa = PBXVariantGroup;
			children = (
				524765C923D4E74500584D08 /* Base */,
			);
			name = LaunchScreen.storyboard;
			sourceTree = "<group>";
		};
/* End PBXVariantGroup section */

/* Begin XCBuildConfiguration section */
		524765CC23D4E74500584D08 /* Debug */ = {
			isa = XCBuildConfiguration;
			buildSettings = {
				ALWAYS_SEARCH_USER_PATHS = NO;
				CLANG_ANALYZER_NONNULL = YES;
				CLANG_ANALYZER_NUMBER_OBJECT_CONVERSION = YES_AGGRESSIVE;
				CLANG_CXX_LANGUAGE_STANDARD = "gnu++14";
				CLANG_CXX_LIBRARY = "libc++";
				CLANG_ENABLE_MODULES = YES;
				CLANG_ENABLE_OBJC_ARC = YES;
				CLANG_ENABLE_OBJC_WEAK = YES;
				CLANG_WARN_BLOCK_CAPTURE_AUTORELEASING = YES;
				CLANG_WARN_BOOL_CONVERSION = YES;
				CLANG_WARN_COMMA = YES;
				CLANG_WARN_CONSTANT_CONVERSION = YES;
				CLANG_WARN_DEPRECATED_OBJC_IMPLEMENTATIONS = YES;
				CLANG_WARN_DIRECT_OBJC_ISA_USAGE = YES_ERROR;
				CLANG_WARN_DOCUMENTATION_COMMENTS = YES;
				CLANG_WARN_EMPTY_BODY = YES;
				CLANG_WARN_ENUM_CONVERSION = YES;
				CLANG_WARN_INFINITE_RECURSION = YES;
				CLANG_WARN_INT_CONVERSION = YES;
				CLANG_WARN_NON_LITERAL_NULL_CONVERSION = YES;
				CLANG_WARN_OBJC_IMPLICIT_RETAIN_SELF = YES;
				CLANG_WARN_OBJC_LITERAL_CONVERSION = YES;
				CLANG_WARN_OBJC_ROOT_CLASS = YES_ERROR;
				CLANG_WARN_RANGE_LOOP_ANALYSIS = YES;
				CLANG_WARN_STRICT_PROTOTYPES = YES;
				CLANG_WARN_SUSPICIOUS_MOVE = YES;
				CLANG_WARN_UNGUARDED_AVAILABILITY = YES_AGGRESSIVE;
				CLANG_WARN_UNREACHABLE_CODE = YES;
				CLANG_WARN__DUPLICATE_METHOD_MATCH = YES;
				COPY_PHASE_STRIP = NO;
				DEBUG_INFORMATION_FORMAT = dwarf;
				ENABLE_STRICT_OBJC_MSGSEND = YES;
				ENABLE_TESTABILITY = YES;
				GCC_C_LANGUAGE_STANDARD = gnu11;
				GCC_DYNAMIC_NO_PIC = NO;
				GCC_NO_COMMON_BLOCKS = YES;
				GCC_OPTIMIZATION_LEVEL = 0;
				GCC_PREPROCESSOR_DEFINITIONS = (
					"DEBUG=1",
					"$(inherited)",
				);
				GCC_WARN_64_TO_32_BIT_CONVERSION = YES;
				GCC_WARN_ABOUT_RETURN_TYPE = YES_ERROR;
				GCC_WARN_UNDECLARED_SELECTOR = YES;
				GCC_WARN_UNINITIALIZED_AUTOS = YES_AGGRESSIVE;
				GCC_WARN_UNUSED_FUNCTION = YES;
				GCC_WARN_UNUSED_VARIABLE = YES;
				IPHONEOS_DEPLOYMENT_TARGET = 13.2;
				MTL_ENABLE_DEBUG_INFO = INCLUDE_SOURCE;
				MTL_FAST_MATH = YES;
				ONLY_ACTIVE_ARCH = YES;
				SDKROOT = iphoneos;
				SWIFT_ACTIVE_COMPILATION_CONDITIONS = DEBUG;
				SWIFT_OPTIMIZATION_LEVEL = "-Onone";
			};
			name = Debug;
		};
		524765CD23D4E74500584D08 /* Release */ = {
			isa = XCBuildConfiguration;
			buildSettings = {
				ALWAYS_SEARCH_USER_PATHS = NO;
				CLANG_ANALYZER_NONNULL = YES;
				CLANG_ANALYZER_NUMBER_OBJECT_CONVERSION = YES_AGGRESSIVE;
				CLANG_CXX_LANGUAGE_STANDARD = "gnu++14";
				CLANG_CXX_LIBRARY = "libc++";
				CLANG_ENABLE_MODULES = YES;
				CLANG_ENABLE_OBJC_ARC = YES;
				CLANG_ENABLE_OBJC_WEAK = YES;
				CLANG_WARN_BLOCK_CAPTURE_AUTORELEASING = YES;
				CLANG_WARN_BOOL_CONVERSION = YES;
				CLANG_WARN_COMMA = YES;
				CLANG_WARN_CONSTANT_CONVERSION = YES;
				CLANG_WARN_DEPRECATED_OBJC_IMPLEMENTATIONS = YES;
				CLANG_WARN_DIRECT_OBJC_ISA_USAGE = YES_ERROR;
				CLANG_WARN_DOCUMENTATION_COMMENTS = YES;
				CLANG_WARN_EMPTY_BODY = YES;
				CLANG_WARN_ENUM_CONVERSION = YES;
				CLANG_WARN_INFINITE_RECURSION = YES;
				CLANG_WARN_INT_CONVERSION = YES;
				CLANG_WARN_NON_LITERAL_NULL_CONVERSION = YES;
				CLANG_WARN_OBJC_IMPLICIT_RETAIN_SELF = YES;
				CLANG_WARN_OBJC_LITERAL_CONVERSION = YES;
				CLANG_WARN_OBJC_ROOT_CLASS = YES_ERROR;
				CLANG_WARN_RANGE_LOOP_ANALYSIS = YES;
				CLANG_WARN_STRICT_PROTOTYPES = YES;
				CLANG_WARN_SUSPICIOUS_MOVE = YES;
				CLANG_WARN_UNGUARDED_AVAILABILITY = YES_AGGRESSIVE;
				CLANG_WARN_UNREACHABLE_CODE = YES;
				CLANG_WARN__DUPLICATE_METHOD_MATCH = YES;
				COPY_PHASE_STRIP = NO;
				DEBUG_INFORMATION_FORMAT = "dwarf-with-dsym";
				ENABLE_NS_ASSERTIONS = NO;
				ENABLE_STRICT_OBJC_MSGSEND = YES;
				GCC_C_LANGUAGE_STANDARD = gnu11;
				GCC_NO_COMMON_BLOCKS = YES;
				GCC_WARN_64_TO_32_BIT_CONVERSION = YES;
				GCC_WARN_ABOUT_RETURN_TYPE = YES_ERROR;
				GCC_WARN_UNDECLARED_SELECTOR = YES;
				GCC_WARN_UNINITIALIZED_AUTOS = YES_AGGRESSIVE;
				GCC_WARN_UNUSED_FUNCTION = YES;
				GCC_WARN_UNUSED_VARIABLE = YES;
				IPHONEOS_DEPLOYMENT_TARGET = 13.2;
				MTL_ENABLE_DEBUG_INFO = NO;
				MTL_FAST_MATH = YES;
				SDKROOT = iphoneos;
				SWIFT_COMPILATION_MODE = wholemodule;
				SWIFT_OPTIMIZATION_LEVEL = "-O";
				VALIDATE_PRODUCT = YES;
			};
			name = Release;
		};
		524765CF23D4E74500584D08 /* Debug */ = {
			isa = XCBuildConfiguration;
			baseConfigurationReference = D652F1642D6DC365B04F8609 /* Pods-AppleMusicApp.debug.xcconfig */;
			buildSettings = {
				ASSETCATALOG_COMPILER_APPICON_NAME = AppIcon;
				CODE_SIGN_STYLE = Automatic;
				DEVELOPMENT_TEAM = 5K285D3RL3;
				INFOPLIST_FILE = AppleMusicApp/Info.plist;
				LD_RUNPATH_SEARCH_PATHS = (
					"$(inherited)",
					"@executable_path/Frameworks",
				);
				PRODUCT_BUNDLE_IDENTIFIER = "John-Kostanov.AppleMusicApp";
				PRODUCT_NAME = "$(TARGET_NAME)";
				SWIFT_VERSION = 5.0;
				TARGETED_DEVICE_FAMILY = "1,2";
			};
			name = Debug;
		};
		524765D023D4E74500584D08 /* Release */ = {
			isa = XCBuildConfiguration;
			baseConfigurationReference = 1726D2744BDAE1C5344B51D8 /* Pods-AppleMusicApp.release.xcconfig */;
			buildSettings = {
				ASSETCATALOG_COMPILER_APPICON_NAME = AppIcon;
				CODE_SIGN_STYLE = Automatic;
				DEVELOPMENT_TEAM = 5K285D3RL3;
				INFOPLIST_FILE = AppleMusicApp/Info.plist;
				LD_RUNPATH_SEARCH_PATHS = (
					"$(inherited)",
					"@executable_path/Frameworks",
				);
				PRODUCT_BUNDLE_IDENTIFIER = "John-Kostanov.AppleMusicApp";
				PRODUCT_NAME = "$(TARGET_NAME)";
				SWIFT_VERSION = 5.0;
				TARGETED_DEVICE_FAMILY = "1,2";
			};
			name = Release;
		};
/* End XCBuildConfiguration section */

/* Begin XCConfigurationList section */
		524765B523D4E74200584D08 /* Build configuration list for PBXProject "AppleMusicApp" */ = {
			isa = XCConfigurationList;
			buildConfigurations = (
				524765CC23D4E74500584D08 /* Debug */,
				524765CD23D4E74500584D08 /* Release */,
			);
			defaultConfigurationIsVisible = 0;
			defaultConfigurationName = Release;
		};
		524765CE23D4E74500584D08 /* Build configuration list for PBXNativeTarget "AppleMusicApp" */ = {
			isa = XCConfigurationList;
			buildConfigurations = (
				524765CF23D4E74500584D08 /* Debug */,
				524765D023D4E74500584D08 /* Release */,
			);
			defaultConfigurationIsVisible = 0;
			defaultConfigurationName = Release;
		};
/* End XCConfigurationList section */
	};
	rootObject = 524765B223D4E74200584D08 /* Project object */;
}
